
Microsoft Visual Studio Solution File, Format Version 12.00
# Visual Studio Version 17
VisualStudioVersion = 17.1.32210.238
MinimumVisualStudioVersion = 10.0.40219.1
Project("{FAE04EC0-301F-11D3-BF4B-00C04F79EFBC}") = "Practical_06", "Practical_06.csproj", "{4CB6CAFB-8937-436E-BDA9-2AEA9302D6E1}"
EndProject
Global
	GlobalSection(SolutionConfigurationPlatforms) = preSolution
		Debug|Any CPU = Debug|Any CPU
		Release|Any CPU = Release|Any CPU
	EndGlobalSection
	GlobalSection(ProjectConfigurationPlatforms) = postSolution
		{4CB6CAFB-8937-436E-BDA9-2AEA9302D6E1}.Debug|Any CPU.ActiveCfg = Debug|Any CPU
		{4CB6CAFB-8937-436E-BDA9-2AEA9302D6E1}.Debug|Any CPU.Build.0 = Debug|Any CPU
		{4CB6CAFB-8937-436E-BDA9-2AEA9302D6E1}.Release|Any CPU.ActiveCfg = Release|Any CPU
		{4CB6CAFB-8937-436E-BDA9-2AEA9302D6E1}.Release|Any CPU.Build.0 = Release|Any CPU
	EndGlobalSection
	GlobalSection(SolutionProperties) = preSolution
		HideSolutionNode = FALSE
	EndGlobalSection
	GlobalSection(ExtensibilityGlobals) = postSolution
		SolutionGuid = {5AC5D8CB-EA23-4AC9-B382-232DABECF8DA}
	EndGlobalSection
EndGlobal
